
Microsoft Visual Studio Solution File, Format Version 12.00
# Visual Studio Version 17
VisualStudioVersion = 17.13.36105.23
MinimumVisualStudioVersion = 10.0.40219.1
Project("{9A19103F-16F7-4668-BE54-9A1E7A4F7556}") = "ConsoleTest", "ConsoleTest\ConsoleTest.csproj", "{8DE2C4EE-133A-4F5C-A302-FCF05BA211BC}"
EndProject
Project("{9A19103F-16F7-4668-BE54-9A1E7A4F7556}") = "SypBlazor", "SypBlazor\SypBlazor.csproj", "{6953A2C4-42F7-4AC7-9D15-8821CF3BC312}"
EndProject
Project("{9A19103F-16F7-4668-BE54-9A1E7A4F7556}") = "Factograph.Data", "Factograph.Data\Factograph.Data.csproj", "{1654E18D-FF37-4056-A90D-2563BB89A383}"
EndProject
Project("{9A19103F-16F7-4668-BE54-9A1E7A4F7556}") = "Polar.DB", "..\PolarDB\Polar.DB\Polar.DB.csproj", "{D5B1D608-9B95-4442-B9AD-AB5F261585C7}"
EndProject
Project("{9A19103F-16F7-4668-BE54-9A1E7A4F7556}") = "Publicuem2", "Publicuem2\Publicuem2.csproj", "{7452736D-B1FB-41A1-A041-B4F1DB562DBD}"
EndProject
Project("{9A19103F-16F7-4668-BE54-9A1E7A4F7556}") = "CassConsoleApp", "CassConsoleApp\CassConsoleApp.csproj", "{5F7D8DEA-7F87-4BF1-8B7E-B43C60EDFDF3}"
EndProject
Project("{9A19103F-16F7-4668-BE54-9A1E7A4F7556}") = "Soran1957", "Soran1957\Soran1957.csproj", "{3CBC44C5-67B7-4033-9933-27F388587A03}"
EndProject
Project("{9A19103F-16F7-4668-BE54-9A1E7A4F7556}") = "S1957", "S1957\S1957.csproj", "{0A9B38F2-DCF6-4191-AC56-E06B9986E2FF}"
EndProject
Project("{9A19103F-16F7-4668-BE54-9A1E7A4F7556}") = "Factograph", "Factograph\Factograph.csproj", "{E88305D3-0141-44BF-99A2-428F0B09ADDF}"
EndProject
Project("{9A19103F-16F7-4668-BE54-9A1E7A4F7556}") = "FactographSbor", "FactographSbor\FactographSbor.csproj", "{3EECB76D-148F-4412-84EC-583E2DE5D9A9}"
EndProject
Project("{9A19103F-16F7-4668-BE54-9A1E7A4F7556}") = "CassCorrect", "CassCorrect\CassCorrect.csproj", "{4DD4F083-BBD3-4FF7-9AEE-95AC158837E4}"
EndProject
Project("{9A19103F-16F7-4668-BE54-9A1E7A4F7556}") = "FactographWebApi", "FactographWebApi\FactographWebApi.csproj", "{CC7DC105-EA38-4271-9F3E-91C628E27118}"
EndProject
Project("{9A19103F-16F7-4668-BE54-9A1E7A4F7556}") = "Uno", "Uno\Uno.csproj", "{7CAEF068-2991-44E1-80B5-1B99A2841EAA}"
EndProject
Project("{FAE04EC0-301F-11D3-BF4B-00C04F79EFBC}") = "Tres", "Tres\Tres.csproj", "{0C5EF68C-80D8-83B9-6435-971AB7D005E3}"
EndProject
Global
	GlobalSection(SolutionConfigurationPlatforms) = preSolution
		Debug|Any CPU = Debug|Any CPU
		Release|Any CPU = Release|Any CPU
	EndGlobalSection
	GlobalSection(ProjectConfigurationPlatforms) = postSolution
		{8DE2C4EE-133A-4F5C-A302-FCF05BA211BC}.Debug|Any CPU.ActiveCfg = Debug|Any CPU
		{8DE2C4EE-133A-4F5C-A302-FCF05BA211BC}.Debug|Any CPU.Build.0 = Debug|Any CPU
		{8DE2C4EE-133A-4F5C-A302-FCF05BA211BC}.Release|Any CPU.ActiveCfg = Release|Any CPU
		{8DE2C4EE-133A-4F5C-A302-FCF05BA211BC}.Release|Any CPU.Build.0 = Release|Any CPU
		{6953A2C4-42F7-4AC7-9D15-8821CF3BC312}.Debug|Any CPU.ActiveCfg = Debug|Any CPU
		{6953A2C4-42F7-4AC7-9D15-8821CF3BC312}.Debug|Any CPU.Build.0 = Debug|Any CPU
		{6953A2C4-42F7-4AC7-9D15-8821CF3BC312}.Release|Any CPU.ActiveCfg = Release|Any CPU
		{6953A2C4-42F7-4AC7-9D15-8821CF3BC312}.Release|Any CPU.Build.0 = Release|Any CPU
		{1654E18D-FF37-4056-A90D-2563BB89A383}.Debug|Any CPU.ActiveCfg = Debug|Any CPU
		{1654E18D-FF37-4056-A90D-2563BB89A383}.Debug|Any CPU.Build.0 = Debug|Any CPU
		{1654E18D-FF37-4056-A90D-2563BB89A383}.Release|Any CPU.ActiveCfg = Release|Any CPU
		{1654E18D-FF37-4056-A90D-2563BB89A383}.Release|Any CPU.Build.0 = Release|Any CPU
		{D5B1D608-9B95-4442-B9AD-AB5F261585C7}.Debug|Any CPU.ActiveCfg = Debug|Any CPU
		{D5B1D608-9B95-4442-B9AD-AB5F261585C7}.Debug|Any CPU.Build.0 = Debug|Any CPU
		{D5B1D608-9B95-4442-B9AD-AB5F261585C7}.Release|Any CPU.ActiveCfg = Release|Any CPU
		{D5B1D608-9B95-4442-B9AD-AB5F261585C7}.Release|Any CPU.Build.0 = Release|Any CPU
		{7452736D-B1FB-41A1-A041-B4F1DB562DBD}.Debug|Any CPU.ActiveCfg = Debug|Any CPU
		{7452736D-B1FB-41A1-A041-B4F1DB562DBD}.Debug|Any CPU.Build.0 = Debug|Any CPU
		{7452736D-B1FB-41A1-A041-B4F1DB562DBD}.Release|Any CPU.ActiveCfg = Release|Any CPU
		{7452736D-B1FB-41A1-A041-B4F1DB562DBD}.Release|Any CPU.Build.0 = Release|Any CPU
		{5F7D8DEA-7F87-4BF1-8B7E-B43C60EDFDF3}.Debug|Any CPU.ActiveCfg = Debug|Any CPU
		{5F7D8DEA-7F87-4BF1-8B7E-B43C60EDFDF3}.Debug|Any CPU.Build.0 = Debug|Any CPU
		{5F7D8DEA-7F87-4BF1-8B7E-B43C60EDFDF3}.Release|Any CPU.ActiveCfg = Release|Any CPU
		{5F7D8DEA-7F87-4BF1-8B7E-B43C60EDFDF3}.Release|Any CPU.Build.0 = Release|Any CPU
		{3CBC44C5-67B7-4033-9933-27F388587A03}.Debug|Any CPU.ActiveCfg = Debug|Any CPU
		{3CBC44C5-67B7-4033-9933-27F388587A03}.Debug|Any CPU.Build.0 = Debug|Any CPU
		{3CBC44C5-67B7-4033-9933-27F388587A03}.Release|Any CPU.ActiveCfg = Release|Any CPU
		{3CBC44C5-67B7-4033-9933-27F388587A03}.Release|Any CPU.Build.0 = Release|Any CPU
		{0A9B38F2-DCF6-4191-AC56-E06B9986E2FF}.Debug|Any CPU.ActiveCfg = Debug|Any CPU
		{0A9B38F2-DCF6-4191-AC56-E06B9986E2FF}.Debug|Any CPU.Build.0 = Debug|Any CPU
		{0A9B38F2-DCF6-4191-AC56-E06B9986E2FF}.Release|Any CPU.ActiveCfg = Release|Any CPU
		{0A9B38F2-DCF6-4191-AC56-E06B9986E2FF}.Release|Any CPU.Build.0 = Release|Any CPU
		{E88305D3-0141-44BF-99A2-428F0B09ADDF}.Debug|Any CPU.ActiveCfg = Debug|Any CPU
		{E88305D3-0141-44BF-99A2-428F0B09ADDF}.Debug|Any CPU.Build.0 = Debug|Any CPU
		{E88305D3-0141-44BF-99A2-428F0B09ADDF}.Release|Any CPU.ActiveCfg = Release|Any CPU
		{E88305D3-0141-44BF-99A2-428F0B09ADDF}.Release|Any CPU.Build.0 = Release|Any CPU
		{3EECB76D-148F-4412-84EC-583E2DE5D9A9}.Debug|Any CPU.ActiveCfg = Debug|Any CPU
		{3EECB76D-148F-4412-84EC-583E2DE5D9A9}.Debug|Any CPU.Build.0 = Debug|Any CPU
		{3EECB76D-148F-4412-84EC-583E2DE5D9A9}.Release|Any CPU.ActiveCfg = Release|Any CPU
		{3EECB76D-148F-4412-84EC-583E2DE5D9A9}.Release|Any CPU.Build.0 = Release|Any CPU
		{4DD4F083-BBD3-4FF7-9AEE-95AC158837E4}.Debug|Any CPU.ActiveCfg = Debug|Any CPU
		{4DD4F083-BBD3-4FF7-9AEE-95AC158837E4}.Debug|Any CPU.Build.0 = Debug|Any CPU
		{4DD4F083-BBD3-4FF7-9AEE-95AC158837E4}.Release|Any CPU.ActiveCfg = Release|Any CPU
		{4DD4F083-BBD3-4FF7-9AEE-95AC158837E4}.Release|Any CPU.Build.0 = Release|Any CPU
		{CC7DC105-EA38-4271-9F3E-91C628E27118}.Debug|Any CPU.ActiveCfg = Debug|Any CPU
		{CC7DC105-EA38-4271-9F3E-91C628E27118}.Debug|Any CPU.Build.0 = Debug|Any CPU
		{CC7DC105-EA38-4271-9F3E-91C628E27118}.Release|Any CPU.ActiveCfg = Release|Any CPU
		{CC7DC105-EA38-4271-9F3E-91C628E27118}.Release|Any CPU.Build.0 = Release|Any CPU
		{7CAEF068-2991-44E1-80B5-1B99A2841EAA}.Debug|Any CPU.ActiveCfg = Debug|Any CPU
		{7CAEF068-2991-44E1-80B5-1B99A2841EAA}.Debug|Any CPU.Build.0 = Debug|Any CPU
		{7CAEF068-2991-44E1-80B5-1B99A2841EAA}.Release|Any CPU.ActiveCfg = Release|Any CPU
		{7CAEF068-2991-44E1-80B5-1B99A2841EAA}.Release|Any CPU.Build.0 = Release|Any CPU
		{0C5EF68C-80D8-83B9-6435-971AB7D005E3}.Debug|Any CPU.ActiveCfg = Debug|Any CPU
		{0C5EF68C-80D8-83B9-6435-971AB7D005E3}.Debug|Any CPU.Build.0 = Debug|Any CPU
		{0C5EF68C-80D8-83B9-6435-971AB7D005E3}.Release|Any CPU.ActiveCfg = Release|Any CPU
		{0C5EF68C-80D8-83B9-6435-971AB7D005E3}.Release|Any CPU.Build.0 = Release|Any CPU
	EndGlobalSection
	GlobalSection(SolutionProperties) = preSolution
		HideSolutionNode = FALSE
	EndGlobalSection
	GlobalSection(ExtensibilityGlobals) = postSolution
		SolutionGuid = {C6884CE0-D77E-4481-8108-B4045E9DB772}
	EndGlobalSection
EndGlobal
