
Microsoft Visual Studio Solution File, Format Version 12.00
# Visual Studio Version 17
VisualStudioVersion = 17.4.33213.308
MinimumVisualStudioVersion = 10.0.40219.1
Project("{9A19103F-16F7-4668-BE54-9A1E7A4F7556}") = "Factoria", "Factoria\Factoria.csproj", "{0B77A390-511D-424C-A646-59573B97B90F}"
EndProject
Project("{9A19103F-16F7-4668-BE54-9A1E7A4F7556}") = "FactographData", "FactographData\FactographData.csproj", "{C47A8863-1935-45B3-89A8-B574F03C447D}"
EndProject
Project("{9A19103F-16F7-4668-BE54-9A1E7A4F7556}") = "Polar.DB", "..\PolarDB\src\Polar.DB\Polar.DB.csproj", "{7BC3A761-90AF-430B-90D9-93BD314B65EA}"
EndProject
Project("{9A19103F-16F7-4668-BE54-9A1E7A4F7556}") = "Family", "Family\Family.csproj", "{B85B75E0-4F55-4E6E-9781-0D962E5FA780}"
EndProject
Project("{9A19103F-16F7-4668-BE54-9A1E7A4F7556}") = "FTTree", "FTTree\FTTree.csproj", "{A420A508-6FE0-4BE5-B62C-85EFFFCEEDD5}"
EndProject
Project("{9A19103F-16F7-4668-BE54-9A1E7A4F7556}") = "ConsoleTest", "ConsoleTest\ConsoleTest.csproj", "{8DE2C4EE-133A-4F5C-A302-FCF05BA211BC}"
EndProject
Project("{9A19103F-16F7-4668-BE54-9A1E7A4F7556}") = "FamilyWeb", "FamilyWeb\FamilyWeb.csproj", "{29A1A2AC-60F3-4E26-8E8B-370BDAF83BD5}"
EndProject
Project("{9A19103F-16F7-4668-BE54-9A1E7A4F7556}") = "Publicia", "Publicia\Publicia.csproj", "{29F5F41B-D3F8-44ED-BA3B-9B5BC1087BDD}"
EndProject
Project("{9A19103F-16F7-4668-BE54-9A1E7A4F7556}") = "SypBlazor", "SypBlazor\SypBlazor.csproj", "{6953A2C4-42F7-4AC7-9D15-8821CF3BC312}"
EndProject
Global
	GlobalSection(SolutionConfigurationPlatforms) = preSolution
		Debug|Any CPU = Debug|Any CPU
		Release|Any CPU = Release|Any CPU
	EndGlobalSection
	GlobalSection(ProjectConfigurationPlatforms) = postSolution
		{0B77A390-511D-424C-A646-59573B97B90F}.Debug|Any CPU.ActiveCfg = Debug|Any CPU
		{0B77A390-511D-424C-A646-59573B97B90F}.Debug|Any CPU.Build.0 = Debug|Any CPU
		{0B77A390-511D-424C-A646-59573B97B90F}.Release|Any CPU.ActiveCfg = Release|Any CPU
		{0B77A390-511D-424C-A646-59573B97B90F}.Release|Any CPU.Build.0 = Release|Any CPU
		{C47A8863-1935-45B3-89A8-B574F03C447D}.Debug|Any CPU.ActiveCfg = Debug|Any CPU
		{C47A8863-1935-45B3-89A8-B574F03C447D}.Debug|Any CPU.Build.0 = Debug|Any CPU
		{C47A8863-1935-45B3-89A8-B574F03C447D}.Release|Any CPU.ActiveCfg = Release|Any CPU
		{C47A8863-1935-45B3-89A8-B574F03C447D}.Release|Any CPU.Build.0 = Release|Any CPU
		{7BC3A761-90AF-430B-90D9-93BD314B65EA}.Debug|Any CPU.ActiveCfg = Debug|Any CPU
		{7BC3A761-90AF-430B-90D9-93BD314B65EA}.Debug|Any CPU.Build.0 = Debug|Any CPU
		{7BC3A761-90AF-430B-90D9-93BD314B65EA}.Release|Any CPU.ActiveCfg = Release|Any CPU
		{7BC3A761-90AF-430B-90D9-93BD314B65EA}.Release|Any CPU.Build.0 = Release|Any CPU
		{B85B75E0-4F55-4E6E-9781-0D962E5FA780}.Debug|Any CPU.ActiveCfg = Debug|Any CPU
		{B85B75E0-4F55-4E6E-9781-0D962E5FA780}.Debug|Any CPU.Build.0 = Debug|Any CPU
		{B85B75E0-4F55-4E6E-9781-0D962E5FA780}.Release|Any CPU.ActiveCfg = Release|Any CPU
		{B85B75E0-4F55-4E6E-9781-0D962E5FA780}.Release|Any CPU.Build.0 = Release|Any CPU
		{A420A508-6FE0-4BE5-B62C-85EFFFCEEDD5}.Debug|Any CPU.ActiveCfg = Debug|Any CPU
		{A420A508-6FE0-4BE5-B62C-85EFFFCEEDD5}.Debug|Any CPU.Build.0 = Debug|Any CPU
		{A420A508-6FE0-4BE5-B62C-85EFFFCEEDD5}.Release|Any CPU.ActiveCfg = Release|Any CPU
		{A420A508-6FE0-4BE5-B62C-85EFFFCEEDD5}.Release|Any CPU.Build.0 = Release|Any CPU
		{8DE2C4EE-133A-4F5C-A302-FCF05BA211BC}.Debug|Any CPU.ActiveCfg = Debug|Any CPU
		{8DE2C4EE-133A-4F5C-A302-FCF05BA211BC}.Debug|Any CPU.Build.0 = Debug|Any CPU
		{8DE2C4EE-133A-4F5C-A302-FCF05BA211BC}.Release|Any CPU.ActiveCfg = Release|Any CPU
		{8DE2C4EE-133A-4F5C-A302-FCF05BA211BC}.Release|Any CPU.Build.0 = Release|Any CPU
		{29A1A2AC-60F3-4E26-8E8B-370BDAF83BD5}.Debug|Any CPU.ActiveCfg = Debug|Any CPU
		{29A1A2AC-60F3-4E26-8E8B-370BDAF83BD5}.Debug|Any CPU.Build.0 = Debug|Any CPU
		{29A1A2AC-60F3-4E26-8E8B-370BDAF83BD5}.Release|Any CPU.ActiveCfg = Release|Any CPU
		{29A1A2AC-60F3-4E26-8E8B-370BDAF83BD5}.Release|Any CPU.Build.0 = Release|Any CPU
		{29F5F41B-D3F8-44ED-BA3B-9B5BC1087BDD}.Debug|Any CPU.ActiveCfg = Debug|Any CPU
		{29F5F41B-D3F8-44ED-BA3B-9B5BC1087BDD}.Debug|Any CPU.Build.0 = Debug|Any CPU
		{29F5F41B-D3F8-44ED-BA3B-9B5BC1087BDD}.Release|Any CPU.ActiveCfg = Release|Any CPU
		{29F5F41B-D3F8-44ED-BA3B-9B5BC1087BDD}.Release|Any CPU.Build.0 = Release|Any CPU
		{6953A2C4-42F7-4AC7-9D15-8821CF3BC312}.Debug|Any CPU.ActiveCfg = Debug|Any CPU
		{6953A2C4-42F7-4AC7-9D15-8821CF3BC312}.Debug|Any CPU.Build.0 = Debug|Any CPU
		{6953A2C4-42F7-4AC7-9D15-8821CF3BC312}.Release|Any CPU.ActiveCfg = Release|Any CPU
		{6953A2C4-42F7-4AC7-9D15-8821CF3BC312}.Release|Any CPU.Build.0 = Release|Any CPU
	EndGlobalSection
	GlobalSection(SolutionProperties) = preSolution
		HideSolutionNode = FALSE
	EndGlobalSection
	GlobalSection(ExtensibilityGlobals) = postSolution
		SolutionGuid = {C6884CE0-D77E-4481-8108-B4045E9DB772}
	EndGlobalSection
EndGlobal
