
Microsoft Visual Studio Solution File, Format Version 12.00
# Visual Studio Version 17
VisualStudioVersion = 17.5.33502.453
MinimumVisualStudioVersion = 10.0.40219.1
Project("{9A19103F-16F7-4668-BE54-9A1E7A4F7556}") = "SypBlazor", "SypBlazor.csproj", "{43B7AFCB-623A-4C56-BE9C-EAB3F92D3E10}"
EndProject
Project("{9A19103F-16F7-4668-BE54-9A1E7A4F7556}") = "FactographData", "..\..\Factoria\FactographData\FactographData.csproj", "{88E7B891-BABF-4C2F-AF4D-3BF576F1B332}"
EndProject
Global
	GlobalSection(SolutionConfigurationPlatforms) = preSolution
		Debug|Any CPU = Debug|Any CPU
		Release|Any CPU = Release|Any CPU
	EndGlobalSection
	GlobalSection(ProjectConfigurationPlatforms) = postSolution
		{43B7AFCB-623A-4C56-BE9C-EAB3F92D3E10}.Debug|Any CPU.ActiveCfg = Debug|Any CPU
		{43B7AFCB-623A-4C56-BE9C-EAB3F92D3E10}.Debug|Any CPU.Build.0 = Debug|Any CPU
		{43B7AFCB-623A-4C56-BE9C-EAB3F92D3E10}.Release|Any CPU.ActiveCfg = Release|Any CPU
		{43B7AFCB-623A-4C56-BE9C-EAB3F92D3E10}.Release|Any CPU.Build.0 = Release|Any CPU
		{88E7B891-BABF-4C2F-AF4D-3BF576F1B332}.Debug|Any CPU.ActiveCfg = Debug|Any CPU
		{88E7B891-BABF-4C2F-AF4D-3BF576F1B332}.Debug|Any CPU.Build.0 = Debug|Any CPU
		{88E7B891-BABF-4C2F-AF4D-3BF576F1B332}.Release|Any CPU.ActiveCfg = Release|Any CPU
		{88E7B891-BABF-4C2F-AF4D-3BF576F1B332}.Release|Any CPU.Build.0 = Release|Any CPU
	EndGlobalSection
	GlobalSection(SolutionProperties) = preSolution
		HideSolutionNode = FALSE
	EndGlobalSection
	GlobalSection(ExtensibilityGlobals) = postSolution
		SolutionGuid = {8C8F95F0-36E7-4377-9598-C0A7D3AD479D}
	EndGlobalSection
EndGlobal
